
Microsoft Visual Studio Solution File, Format Version 12.00
# Visual Studio Version 16
VisualStudioVersion = 16.0.30804.86
MinimumVisualStudioVersion = 10.0.40219.1
Project("{FAE04EC0-301F-11D3-BF4B-00C04F79EFBC}") = "WavemeterService", "WavemeterService\WavemeterService.csproj", "{721E13B8-3F29-455E-A15F-6A1073EF7328}"
EndProject
Project("{930C7802-8A8C-48F9-8165-68863BCCD9DD}") = "WavemeterServiceInstaller", "WavemeterServiceInstaller\WavemeterServiceInstaller.wixproj", "{65BF2487-2ECD-460B-BBCA-4234540E46F1}"
EndProject
Project("{FAE04EC0-301F-11D3-BF4B-00C04F79EFBC}") = "Wavemeter SVC Manager", "Wavemeter SVC Manager\Wavemeter SVC Manager.csproj", "{A3A166B0-F655-4E4D-8049-D5D63DA82A88}"
EndProject
Project("{FAE04EC0-301F-11D3-BF4B-00C04F79EFBC}") = "ConsoleService4Debug", "ConsoleService4Debug\ConsoleService4Debug.csproj", "{AF600CF8-7204-4892-ADD8-72FED7F0A976}"
EndProject
Project("{9A19103F-16F7-4668-BE54-9A1E7A4F7556}") = "WavemeterSharingApp", "WavemeterSharing\WavemeterSharingApp.csproj", "{C8064837-50E0-4CE3-89C8-D3CF99F1A5C1}"
EndProject
Project("{930C7802-8A8C-48F9-8165-68863BCCD9DD}") = "SetupWavemeterSharingApp", "SetupWavemeterSharingApp\SetupWavemeterSharingApp.wixproj", "{855752CD-E532-4A36-A9E0-19EAA047A876}"
EndProject
Global
	GlobalSection(SolutionConfigurationPlatforms) = preSolution
		Debug|Any CPU = Debug|Any CPU
		Debug|x64 = Debug|x64
		Debug|x86 = Debug|x86
		Release|Any CPU = Release|Any CPU
		Release|x64 = Release|x64
		Release|x86 = Release|x86
	EndGlobalSection
	GlobalSection(ProjectConfigurationPlatforms) = postSolution
		{721E13B8-3F29-455E-A15F-6A1073EF7328}.Debug|Any CPU.ActiveCfg = Debug|Any CPU
		{721E13B8-3F29-455E-A15F-6A1073EF7328}.Debug|Any CPU.Build.0 = Debug|Any CPU
		{721E13B8-3F29-455E-A15F-6A1073EF7328}.Debug|x64.ActiveCfg = Debug|x64
		{721E13B8-3F29-455E-A15F-6A1073EF7328}.Debug|x64.Build.0 = Debug|x64
		{721E13B8-3F29-455E-A15F-6A1073EF7328}.Debug|x86.ActiveCfg = Debug|x86
		{721E13B8-3F29-455E-A15F-6A1073EF7328}.Debug|x86.Build.0 = Debug|x86
		{721E13B8-3F29-455E-A15F-6A1073EF7328}.Release|Any CPU.ActiveCfg = Release|Any CPU
		{721E13B8-3F29-455E-A15F-6A1073EF7328}.Release|Any CPU.Build.0 = Release|Any CPU
		{721E13B8-3F29-455E-A15F-6A1073EF7328}.Release|x64.ActiveCfg = Release|Any CPU
		{721E13B8-3F29-455E-A15F-6A1073EF7328}.Release|x64.Build.0 = Release|Any CPU
		{721E13B8-3F29-455E-A15F-6A1073EF7328}.Release|x86.ActiveCfg = Release|Any CPU
		{721E13B8-3F29-455E-A15F-6A1073EF7328}.Release|x86.Build.0 = Release|Any CPU
		{65BF2487-2ECD-460B-BBCA-4234540E46F1}.Debug|Any CPU.ActiveCfg = Debug|x86
		{65BF2487-2ECD-460B-BBCA-4234540E46F1}.Debug|x64.ActiveCfg = Debug|x64
		{65BF2487-2ECD-460B-BBCA-4234540E46F1}.Debug|x64.Build.0 = Debug|x64
		{65BF2487-2ECD-460B-BBCA-4234540E46F1}.Debug|x86.ActiveCfg = Debug|x86
		{65BF2487-2ECD-460B-BBCA-4234540E46F1}.Debug|x86.Build.0 = Debug|x86
		{65BF2487-2ECD-460B-BBCA-4234540E46F1}.Release|Any CPU.ActiveCfg = Release|x86
		{65BF2487-2ECD-460B-BBCA-4234540E46F1}.Release|x64.ActiveCfg = Release|x86
		{65BF2487-2ECD-460B-BBCA-4234540E46F1}.Release|x86.ActiveCfg = Release|x86
		{65BF2487-2ECD-460B-BBCA-4234540E46F1}.Release|x86.Build.0 = Release|x86
		{A3A166B0-F655-4E4D-8049-D5D63DA82A88}.Debug|Any CPU.ActiveCfg = Debug|Any CPU
		{A3A166B0-F655-4E4D-8049-D5D63DA82A88}.Debug|Any CPU.Build.0 = Debug|Any CPU
		{A3A166B0-F655-4E4D-8049-D5D63DA82A88}.Debug|x64.ActiveCfg = Debug|x64
		{A3A166B0-F655-4E4D-8049-D5D63DA82A88}.Debug|x64.Build.0 = Debug|x64
		{A3A166B0-F655-4E4D-8049-D5D63DA82A88}.Debug|x86.ActiveCfg = Debug|x86
		{A3A166B0-F655-4E4D-8049-D5D63DA82A88}.Debug|x86.Build.0 = Debug|x86
		{A3A166B0-F655-4E4D-8049-D5D63DA82A88}.Release|Any CPU.ActiveCfg = Release|Any CPU
		{A3A166B0-F655-4E4D-8049-D5D63DA82A88}.Release|Any CPU.Build.0 = Release|Any CPU
		{A3A166B0-F655-4E4D-8049-D5D63DA82A88}.Release|x64.ActiveCfg = Release|Any CPU
		{A3A166B0-F655-4E4D-8049-D5D63DA82A88}.Release|x64.Build.0 = Release|Any CPU
		{A3A166B0-F655-4E4D-8049-D5D63DA82A88}.Release|x86.ActiveCfg = Release|Any CPU
		{A3A166B0-F655-4E4D-8049-D5D63DA82A88}.Release|x86.Build.0 = Release|Any CPU
		{AF600CF8-7204-4892-ADD8-72FED7F0A976}.Debug|Any CPU.ActiveCfg = Debug|Any CPU
		{AF600CF8-7204-4892-ADD8-72FED7F0A976}.Debug|Any CPU.Build.0 = Debug|Any CPU
		{AF600CF8-7204-4892-ADD8-72FED7F0A976}.Debug|x64.ActiveCfg = Debug|x64
		{AF600CF8-7204-4892-ADD8-72FED7F0A976}.Debug|x64.Build.0 = Debug|x64
		{AF600CF8-7204-4892-ADD8-72FED7F0A976}.Debug|x86.ActiveCfg = Debug|x86
		{AF600CF8-7204-4892-ADD8-72FED7F0A976}.Debug|x86.Build.0 = Debug|x86
		{AF600CF8-7204-4892-ADD8-72FED7F0A976}.Release|Any CPU.ActiveCfg = Release|Any CPU
		{AF600CF8-7204-4892-ADD8-72FED7F0A976}.Release|Any CPU.Build.0 = Release|Any CPU
		{AF600CF8-7204-4892-ADD8-72FED7F0A976}.Release|x64.ActiveCfg = Release|Any CPU
		{AF600CF8-7204-4892-ADD8-72FED7F0A976}.Release|x64.Build.0 = Release|Any CPU
		{AF600CF8-7204-4892-ADD8-72FED7F0A976}.Release|x86.ActiveCfg = Release|Any CPU
		{AF600CF8-7204-4892-ADD8-72FED7F0A976}.Release|x86.Build.0 = Release|Any CPU
		{C8064837-50E0-4CE3-89C8-D3CF99F1A5C1}.Debug|Any CPU.ActiveCfg = Debug|Any CPU
		{C8064837-50E0-4CE3-89C8-D3CF99F1A5C1}.Debug|Any CPU.Build.0 = Debug|Any CPU
		{C8064837-50E0-4CE3-89C8-D3CF99F1A5C1}.Debug|x64.ActiveCfg = Debug|Any CPU
		{C8064837-50E0-4CE3-89C8-D3CF99F1A5C1}.Debug|x64.Build.0 = Debug|Any CPU
		{C8064837-50E0-4CE3-89C8-D3CF99F1A5C1}.Debug|x86.ActiveCfg = Debug|Any CPU
		{C8064837-50E0-4CE3-89C8-D3CF99F1A5C1}.Debug|x86.Build.0 = Debug|Any CPU
		{C8064837-50E0-4CE3-89C8-D3CF99F1A5C1}.Release|Any CPU.ActiveCfg = Release|Any CPU
		{C8064837-50E0-4CE3-89C8-D3CF99F1A5C1}.Release|Any CPU.Build.0 = Release|Any CPU
		{C8064837-50E0-4CE3-89C8-D3CF99F1A5C1}.Release|x64.ActiveCfg = Release|Any CPU
		{C8064837-50E0-4CE3-89C8-D3CF99F1A5C1}.Release|x64.Build.0 = Release|Any CPU
		{C8064837-50E0-4CE3-89C8-D3CF99F1A5C1}.Release|x86.ActiveCfg = Release|Any CPU
		{C8064837-50E0-4CE3-89C8-D3CF99F1A5C1}.Release|x86.Build.0 = Release|Any CPU
		{855752CD-E532-4A36-A9E0-19EAA047A876}.Debug|Any CPU.ActiveCfg = Debug|x86
		{855752CD-E532-4A36-A9E0-19EAA047A876}.Debug|x64.ActiveCfg = Debug|x86
		{855752CD-E532-4A36-A9E0-19EAA047A876}.Debug|x86.ActiveCfg = Debug|x86
		{855752CD-E532-4A36-A9E0-19EAA047A876}.Debug|x86.Build.0 = Debug|x86
		{855752CD-E532-4A36-A9E0-19EAA047A876}.Release|Any CPU.ActiveCfg = Release|x86
		{855752CD-E532-4A36-A9E0-19EAA047A876}.Release|x64.ActiveCfg = Release|x86
		{855752CD-E532-4A36-A9E0-19EAA047A876}.Release|x86.ActiveCfg = Release|x86
		{855752CD-E532-4A36-A9E0-19EAA047A876}.Release|x86.Build.0 = Release|x86
	EndGlobalSection
	GlobalSection(SolutionProperties) = preSolution
		HideSolutionNode = FALSE
	EndGlobalSection
	GlobalSection(ExtensibilityGlobals) = postSolution
		SolutionGuid = {CF940A2A-FF88-4402-A34B-72B6153267AF}
	EndGlobalSection
EndGlobal
