
Microsoft Visual Studio Solution File, Format Version 12.00
# Visual Studio Version 16
VisualStudioVersion = 16.0.30804.86
MinimumVisualStudioVersion = 10.0.40219.1
Project("{FAE04EC0-301F-11D3-BF4B-00C04F79EFBC}") = "WavemeterService", "WavemeterService\WavemeterService.csproj", "{721E13B8-3F29-455E-A15F-6A1073EF7328}"
EndProject
Global
	GlobalSection(SolutionConfigurationPlatforms) = preSolution
		Debug|Any CPU = Debug|Any CPU
		Release|Any CPU = Release|Any CPU
	EndGlobalSection
	GlobalSection(ProjectConfigurationPlatforms) = postSolution
		{721E13B8-3F29-455E-A15F-6A1073EF7328}.Debug|Any CPU.ActiveCfg = Debug|Any CPU
		{721E13B8-3F29-455E-A15F-6A1073EF7328}.Debug|Any CPU.Build.0 = Debug|Any CPU
		{721E13B8-3F29-455E-A15F-6A1073EF7328}.Release|Any CPU.ActiveCfg = Release|Any CPU
		{721E13B8-3F29-455E-A15F-6A1073EF7328}.Release|Any CPU.Build.0 = Release|Any CPU
	EndGlobalSection
	GlobalSection(SolutionProperties) = preSolution
		HideSolutionNode = FALSE
	EndGlobalSection
	GlobalSection(ExtensibilityGlobals) = postSolution
		SolutionGuid = {CF940A2A-FF88-4402-A34B-72B6153267AF}
	EndGlobalSection
EndGlobal
